
Microsoft Visual Studio Solution File, Format Version 12.00
# Visual Studio Version 17
VisualStudioVersion = 17.13.35825.156 d17.13
MinimumVisualStudioVersion = 10.0.40219.1
Project("{FAE04EC0-301F-11D3-BF4B-00C04F79EFBC}") = "StokTakip", "StokTakip.csproj", "{A90FE83A-0BCD-4DD8-9D71-B95A4AA4779E}"
EndProject
Global
	GlobalSection(SolutionConfigurationPlatforms) = preSolution
		Debug|Any CPU = Debug|Any CPU
		Release|Any CPU = Release|Any CPU
	EndGlobalSection
	GlobalSection(ProjectConfigurationPlatforms) = postSolution
		{A90FE83A-0BCD-4DD8-9D71-B95A4AA4779E}.Debug|Any CPU.ActiveCfg = Debug|Any CPU
		{A90FE83A-0BCD-4DD8-9D71-B95A4AA4779E}.Debug|Any CPU.Build.0 = Debug|Any CPU
		{A90FE83A-0BCD-4DD8-9D71-B95A4AA4779E}.Release|Any CPU.ActiveCfg = Release|Any CPU
		{A90FE83A-0BCD-4DD8-9D71-B95A4AA4779E}.Release|Any CPU.Build.0 = Release|Any CPU
	EndGlobalSection
	GlobalSection(SolutionProperties) = preSolution
		HideSolutionNode = FALSE
	EndGlobalSection
	GlobalSection(ExtensibilityGlobals) = postSolution
		SolutionGuid = {FD8F536D-3BC4-428A-B244-F8E6C5AF6020}
	EndGlobalSection
EndGlobal
